// !$*UTF8*$!
{
	archiveVersion = 1;
	classes = {
	};
	objectVersion = 50;
	objects = {

/* Begin PBXBuildFile section */
		3611076C22D9BA2F008CCE5E /* Default-568h@2x.png in Resources */ = {isa = PBXBuildFile; fileRef = 3611076B22D9BA2F008CCE5E /* Default-568h@2x.png */; };
		362FF28F22DB604E00E5E34C /* DataModel.xcdatamodeld in Sources */ = {isa = PBXBuildFile; fileRef = 362FF28D22DB604E00E5E34C /* DataModel.xcdatamodeld */; };
		368E85E422EDB5E8005017EB /* CategoryTableViewController.swift in Sources */ = {isa = PBXBuildFile; fileRef = 368E85E322EDB5E8005017EB /* CategoryTableViewController.swift */; };
		36A18E3D22D76427005D05F0 /* AppDelegate.swift in Sources */ = {isa = PBXBuildFile; fileRef = 36A18E3C22D76427005D05F0 /* AppDelegate.swift */; };
		36A18E3F22D76427005D05F0 /* TodoListViewController.swift in Sources */ = {isa = PBXBuildFile; fileRef = 36A18E3E22D76427005D05F0 /* TodoListViewController.swift */; };
		36A18E4222D76427005D05F0 /* Main.storyboard in Resources */ = {isa = PBXBuildFile; fileRef = 36A18E4022D76427005D05F0 /* Main.storyboard */; };
		36A18E4422D76427005D05F0 /* Assets.xcassets in Resources */ = {isa = PBXBuildFile; fileRef = 36A18E4322D76427005D05F0 /* Assets.xcassets */; };
		36A18E4722D76427005D05F0 /* LaunchScreen.storyboard in Resources */ = {isa = PBXBuildFile; fileRef = 36A18E4522D76427005D05F0 /* LaunchScreen.storyboard */; };
/* End PBXBuildFile section */

/* Begin PBXFileReference section */
		3611076B22D9BA2F008CCE5E /* Default-568h@2x.png */ = {isa = PBXFileReference; lastKnownFileType = image.png; path = "Default-568h@2x.png"; sourceTree = "<group>"; };
		362FF28E22DB604E00E5E34C /* Model.xcdatamodel */ = {isa = PBXFileReference; lastKnownFileType = wrapper.xcdatamodel; path = Model.xcdatamodel; sourceTree = "<group>"; };
		368E85E322EDB5E8005017EB /* CategoryTableViewController.swift */ = {isa = PBXFileReference; lastKnownFileType = sourcecode.swift; path = CategoryTableViewController.swift; sourceTree = "<group>"; };
		368E85E522EDBACB005017EB /* Info.plist */ = {isa = PBXFileReference; fileEncoding = 4; lastKnownFileType = text.plist.xml; path = Info.plist; sourceTree = SOURCE_ROOT; };
		36A18E3922D76427005D05F0 /* Todoey.app */ = {isa = PBXFileReference; explicitFileType = wrapper.application; includeInIndex = 0; path = Todoey.app; sourceTree = BUILT_PRODUCTS_DIR; };
		36A18E3C22D76427005D05F0 /* AppDelegate.swift */ = {isa = PBXFileReference; lastKnownFileType = sourcecode.swift; path = AppDelegate.swift; sourceTree = "<group>"; };
		36A18E3E22D76427005D05F0 /* TodoListViewController.swift */ = {isa = PBXFileReference; lastKnownFileType = sourcecode.swift; path = TodoListViewController.swift; sourceTree = "<group>"; };
		36A18E4122D76427005D05F0 /* Base */ = {isa = PBXFileReference; lastKnownFileType = file.storyboard; name = Base; path = Base.lproj/Main.storyboard; sourceTree = "<group>"; };
		36A18E4322D76427005D05F0 /* Assets.xcassets */ = {isa = PBXFileReference; lastKnownFileType = folder.assetcatalog; path = Assets.xcassets; sourceTree = "<group>"; };
		36A18E4622D76427005D05F0 /* Base */ = {isa = PBXFileReference; lastKnownFileType = file.storyboard; name = Base; path = Base.lproj/LaunchScreen.storyboard; sourceTree = "<group>"; };
/* End PBXFileReference section */

/* Begin PBXFrameworksBuildPhase section */
		36A18E3622D76427005D05F0 /* Frameworks */ = {
			isa = PBXFrameworksBuildPhase;
			buildActionMask = 2147483647;
			files = (
			);
			runOnlyForDeploymentPostprocessing = 0;
		};
/* End PBXFrameworksBuildPhase section */

/* Begin PBXGroup section */
		3611076622D9B0C7008CCE5E /* Data Model */ = {
			isa = PBXGroup;
			children = (
				362FF28D22DB604E00E5E34C /* DataModel.xcdatamodeld */,
			);
			path = "Data Model";
			sourceTree = "<group>";
		};
		3611076822D9B0EE008CCE5E /* Controllers */ = {
			isa = PBXGroup;
			children = (
				368E85E322EDB5E8005017EB /* CategoryTableViewController.swift */,
				36A18E3E22D76427005D05F0 /* TodoListViewController.swift */,
			);
			name = Controllers;
			sourceTree = "<group>";
		};
		3611076922D9B109008CCE5E /* Views */ = {
			isa = PBXGroup;
			children = (
				36A18E4022D76427005D05F0 /* Main.storyboard */,
			);
			name = Views;
			sourceTree = "<group>";
		};
		3611076A22D9B122008CCE5E /* Supporting Files */ = {
			isa = PBXGroup;
			children = (
				36A18E4322D76427005D05F0 /* Assets.xcassets */,
				3611076B22D9BA2F008CCE5E /* Default-568h@2x.png */,
				36A18E4522D76427005D05F0 /* LaunchScreen.storyboard */,
			);
			path = "Supporting Files";
			sourceTree = "<group>";
		};
		36A18E3022D76427005D05F0 = {
			isa = PBXGroup;
			children = (
				368E85E522EDBACB005017EB /* Info.plist */,
				36A18E3B22D76427005D05F0 /* Todoey */,
				36A18E3A22D76427005D05F0 /* Products */,
			);
			sourceTree = "<group>";
		};
		36A18E3A22D76427005D05F0 /* Products */ = {
			isa = PBXGroup;
			children = (
				36A18E3922D76427005D05F0 /* Todoey.app */,
			);
			name = Products;
			sourceTree = "<group>";
		};
		36A18E3B22D76427005D05F0 /* Todoey */ = {
			isa = PBXGroup;
			children = (
				36A18E3C22D76427005D05F0 /* AppDelegate.swift */,
				3611076622D9B0C7008CCE5E /* Data Model */,
				3611076922D9B109008CCE5E /* Views */,
				3611076822D9B0EE008CCE5E /* Controllers */,
				3611076A22D9B122008CCE5E /* Supporting Files */,
			);
			path = Todoey;
			sourceTree = "<group>";
		};
/* End PBXGroup section */

/* Begin PBXNativeTarget section */
		36A18E3822D76427005D05F0 /* Todoey */ = {
			isa = PBXNativeTarget;
			buildConfigurationList = 36A18E4B22D76427005D05F0 /* Build configuration list for PBXNativeTarget "Todoey" */;
			buildPhases = (
				36A18E3522D76427005D05F0 /* Sources */,
				36A18E3622D76427005D05F0 /* Frameworks */,
				36A18E3722D76427005D05F0 /* Resources */,
			);
			buildRules = (
			);
			dependencies = (
			);
			name = Todoey;
			productName = Todoey;
			productReference = 36A18E3922D76427005D05F0 /* Todoey.app */;
			productType = "com.apple.product-type.application";
		};
/* End PBXNativeTarget section */

/* Begin PBXProject section */
		36A18E3122D76427005D05F0 /* Project object */ = {
			isa = PBXProject;
			attributes = {
				LastSwiftUpdateCheck = 1020;
				LastUpgradeCheck = 1020;
				ORGANIZATIONNAME = WeRoServices;
				TargetAttributes = {
					36A18E3822D76427005D05F0 = {
						CreatedOnToolsVersion = 10.2.1;
					};
				};
			};
			buildConfigurationList = 36A18E3422D76427005D05F0 /* Build configuration list for PBXProject "Todoey" */;
			compatibilityVersion = "Xcode 9.3";
			developmentRegion = en;
			hasScannedForEncodings = 0;
			knownRegions = (
				en,
				Base,
			);
			mainGroup = 36A18E3022D76427005D05F0;
			productRefGroup = 36A18E3A22D76427005D05F0 /* Products */;
			projectDirPath = "";
			projectRoot = "";
			targets = (
				36A18E3822D76427005D05F0 /* Todoey */,
			);
		};
/* End PBXProject section */

/* Begin PBXResourcesBuildPhase section */
		36A18E3722D76427005D05F0 /* Resources */ = {
			isa = PBXResourcesBuildPhase;
			buildActionMask = 2147483647;
			files = (
				36A18E4722D76427005D05F0 /* LaunchScreen.storyboard in Resources */,
				3611076C22D9BA2F008CCE5E /* Default-568h@2x.png in Resources */,
				36A18E4422D76427005D05F0 /* Assets.xcassets in Resources */,
				36A18E4222D76427005D05F0 /* Main.storyboard in Resources */,
			);
			runOnlyForDeploymentPostprocessing = 0;
		};
/* End PBXResourcesBuildPhase section */

/* Begin PBXSourcesBuildPhase section */
		36A18E3522D76427005D05F0 /* Sources */ = {
			isa = PBXSourcesBuildPhase;
			buildActionMask = 2147483647;
			files = (
				36A18E3F22D76427005D05F0 /* TodoListViewController.swift in Sources */,
				36A18E3D22D76427005D05F0 /* AppDelegate.swift in Sources */,
				362FF28F22DB604E00E5E34C /* DataModel.xcdatamodeld in Sources */,
				368E85E422EDB5E8005017EB /* CategoryTableViewController.swift in Sources */,
			);
			runOnlyForDeploymentPostprocessing = 0;
		};
/* End PBXSourcesBuildPhase section */

/* Begin PBXVariantGroup section */
		36A18E4022D76427005D05F0 /* Main.storyboard */ = {
			isa = PBXVariantGroup;
			children = (
				36A18E4122D76427005D05F0 /* Base */,
			);
			name = Main.storyboard;
			sourceTree = "<group>";
		};
		36A18E4522D76427005D05F0 /* LaunchScreen.storyboard */ = {
			isa = PBXVariantGroup;
			children = (
				36A18E4622D76427005D05F0 /* Base */,
			);
			name = LaunchScreen.storyboard;
			sourceTree = "<group>";
		};
/* End PBXVariantGroup section */

/* Begin XCBuildConfiguration section */
		36A18E4922D76427005D05F0 /* Debug */ = {
			isa = XCBuildConfiguration;
			buildSettings = {
				ALWAYS_SEARCH_USER_PATHS = NO;
				CLANG_ANALYZER_NONNULL = YES;
				CLANG_ANALYZER_NUMBER_OBJECT_CONVERSION = YES_AGGRESSIVE;
				CLANG_CXX_LANGUAGE_STANDARD = "gnu++14";
				CLANG_CXX_LIBRARY = "libc++";
				CLANG_ENABLE_MODULES = YES;
				CLANG_ENABLE_OBJC_ARC = YES;
				CLANG_ENABLE_OBJC_WEAK = YES;
				CLANG_WARN_BLOCK_CAPTURE_AUTORELEASING = YES;
				CLANG_WARN_BOOL_CONVERSION = YES;
				CLANG_WARN_COMMA = YES;
				CLANG_WARN_CONSTANT_CONVERSION = YES;
				CLANG_WARN_DEPRECATED_OBJC_IMPLEMENTATIONS = YES;
				CLANG_WARN_DIRECT_OBJC_ISA_USAGE = YES_ERROR;
				CLANG_WARN_DOCUMENTATION_COMMENTS = YES;
				CLANG_WARN_EMPTY_BODY = YES;
				CLANG_WARN_ENUM_CONVERSION = YES;
				CLANG_WARN_INFINITE_RECURSION = YES;
				CLANG_WARN_INT_CONVERSION = YES;
				CLANG_WARN_NON_LITERAL_NULL_CONVERSION = YES;
				CLANG_WARN_OBJC_IMPLICIT_RETAIN_SELF = YES;
				CLANG_WARN_OBJC_LITERAL_CONVERSION = YES;
				CLANG_WARN_OBJC_ROOT_CLASS = YES_ERROR;
				CLANG_WARN_RANGE_LOOP_ANALYSIS = YES;
				CLANG_WARN_STRICT_PROTOTYPES = YES;
				CLANG_WARN_SUSPICIOUS_MOVE = YES;
				CLANG_WARN_UNGUARDED_AVAILABILITY = YES_AGGRESSIVE;
				CLANG_WARN_UNREACHABLE_CODE = YES;
				CLANG_WARN__DUPLICATE_METHOD_MATCH = YES;
				CODE_SIGN_IDENTITY = "iPhone Developer";
				COPY_PHASE_STRIP = NO;
				DEBUG_INFORMATION_FORMAT = dwarf;
				ENABLE_STRICT_OBJC_MSGSEND = YES;
				ENABLE_TESTABILITY = YES;
				GCC_C_LANGUAGE_STANDARD = gnu11;
				GCC_DYNAMIC_NO_PIC = NO;
				GCC_NO_COMMON_BLOCKS = YES;
				GCC_OPTIMIZATION_LEVEL = 0;
				GCC_PREPROCESSOR_DEFINITIONS = (
					"DEBUG=1",
					"$(inherited)",
				);
				GCC_WARN_64_TO_32_BIT_CONVERSION = YES;
				GCC_WARN_ABOUT_RETURN_TYPE = YES_ERROR;
				GCC_WARN_UNDECLARED_SELECTOR = YES;
				GCC_WARN_UNINITIALIZED_AUTOS = YES_AGGRESSIVE;
				GCC_WARN_UNUSED_FUNCTION = YES;
				GCC_WARN_UNUSED_VARIABLE = YES;
				IPHONEOS_DEPLOYMENT_TARGET = 12.2;
				MTL_ENABLE_DEBUG_INFO = INCLUDE_SOURCE;
				MTL_FAST_MATH = YES;
				ONLY_ACTIVE_ARCH = YES;
				SDKROOT = iphoneos;
				SWIFT_ACTIVE_COMPILATION_CONDITIONS = DEBUG;
				SWIFT_OPTIMIZATION_LEVEL = "-Onone";
			};
			name = Debug;
		};
		36A18E4A22D76427005D05F0 /* Release */ = {
			isa = XCBuildConfiguration;
			buildSettings = {
				ALWAYS_SEARCH_USER_PATHS = NO;
				CLANG_ANALYZER_NONNULL = YES;
				CLANG_ANALYZER_NUMBER_OBJECT_CONVERSION = YES_AGGRESSIVE;
				CLANG_CXX_LANGUAGE_STANDARD = "gnu++14";
				CLANG_CXX_LIBRARY = "libc++";
				CLANG_ENABLE_MODULES = YES;
				CLANG_ENABLE_OBJC_ARC = YES;
				CLANG_ENABLE_OBJC_WEAK = YES;
				CLANG_WARN_BLOCK_CAPTURE_AUTORELEASING = YES;
				CLANG_WARN_BOOL_CONVERSION = YES;
				CLANG_WARN_COMMA = YES;
				CLANG_WARN_CONSTANT_CONVERSION = YES;
				CLANG_WARN_DEPRECATED_OBJC_IMPLEMENTATIONS = YES;
				CLANG_WARN_DIRECT_OBJC_ISA_USAGE = YES_ERROR;
				CLANG_WARN_DOCUMENTATION_COMMENTS = YES;
				CLANG_WARN_EMPTY_BODY = YES;
				CLANG_WARN_ENUM_CONVERSION = YES;
				CLANG_WARN_INFINITE_RECURSION = YES;
				CLANG_WARN_INT_CONVERSION = YES;
				CLANG_WARN_NON_LITERAL_NULL_CONVERSION = YES;
				CLANG_WARN_OBJC_IMPLICIT_RETAIN_SELF = YES;
				CLANG_WARN_OBJC_LITERAL_CONVERSION = YES;
				CLANG_WARN_OBJC_ROOT_CLASS = YES_ERROR;
				CLANG_WARN_RANGE_LOOP_ANALYSIS = YES;
				CLANG_WARN_STRICT_PROTOTYPES = YES;
				CLANG_WARN_SUSPICIOUS_MOVE = YES;
				CLANG_WARN_UNGUARDED_AVAILABILITY = YES_AGGRESSIVE;
				CLANG_WARN_UNREACHABLE_CODE = YES;
				CLANG_WARN__DUPLICATE_METHOD_MATCH = YES;
				CODE_SIGN_IDENTITY = "iPhone Developer";
				COPY_PHASE_STRIP = NO;
				DEBUG_INFORMATION_FORMAT = "dwarf-with-dsym";
				ENABLE_NS_ASSERTIONS = NO;
				ENABLE_STRICT_OBJC_MSGSEND = YES;
				GCC_C_LANGUAGE_STANDARD = gnu11;
				GCC_NO_COMMON_BLOCKS = YES;
				GCC_WARN_64_TO_32_BIT_CONVERSION = YES;
				GCC_WARN_ABOUT_RETURN_TYPE = YES_ERROR;
				GCC_WARN_UNDECLARED_SELECTOR = YES;
				GCC_WARN_UNINITIALIZED_AUTOS = YES_AGGRESSIVE;
				GCC_WARN_UNUSED_FUNCTION = YES;
				GCC_WARN_UNUSED_VARIABLE = YES;
				IPHONEOS_DEPLOYMENT_TARGET = 12.2;
				MTL_ENABLE_DEBUG_INFO = NO;
				MTL_FAST_MATH = YES;
				SDKROOT = iphoneos;
				SWIFT_COMPILATION_MODE = wholemodule;
				SWIFT_OPTIMIZATION_LEVEL = "-O";
				VALIDATE_PRODUCT = YES;
			};
			name = Release;
		};
		36A18E4C22D76427005D05F0 /* Debug */ = {
			isa = XCBuildConfiguration;
			buildSettings = {
				ASSETCATALOG_COMPILER_APPICON_NAME = AppIcon;
				CODE_SIGN_STYLE = Automatic;
				DEVELOPMENT_TEAM = E3Z53MYRKN;
				INFOPLIST_FILE = "$(SRCROOT)/Info.plist";
				LD_RUNPATH_SEARCH_PATHS = (
					"$(inherited)",
					"@executable_path/Frameworks",
				);
				PRODUCT_BUNDLE_IDENTIFIER = de.wrs.Todoey;
				PRODUCT_NAME = "$(TARGET_NAME)";
				SWIFT_VERSION = 5.0;
				TARGETED_DEVICE_FAMILY = "1,2";
			};
			name = Debug;
		};
		36A18E4D22D76427005D05F0 /* Release */ = {
			isa = XCBuildConfiguration;
			buildSettings = {
				ASSETCATALOG_COMPILER_APPICON_NAME = AppIcon;
				CODE_SIGN_STYLE = Automatic;
				DEVELOPMENT_TEAM = E3Z53MYRKN;
				INFOPLIST_FILE = "$(SRCROOT)/Info.plist";
				LD_RUNPATH_SEARCH_PATHS = (
					"$(inherited)",
					"@executable_path/Frameworks",
				);
				PRODUCT_BUNDLE_IDENTIFIER = de.wrs.Todoey;
				PRODUCT_NAME = "$(TARGET_NAME)";
				SWIFT_VERSION = 5.0;
				TARGETED_DEVICE_FAMILY = "1,2";
			};
			name = Release;
		};
/* End XCBuildConfiguration section */

/* Begin XCConfigurationList section */
		36A18E3422D76427005D05F0 /* Build configuration list for PBXProject "Todoey" */ = {
			isa = XCConfigurationList;
			buildConfigurations = (
				36A18E4922D76427005D05F0 /* Debug */,
				36A18E4A22D76427005D05F0 /* Release */,
			);
			defaultConfigurationIsVisible = 0;
			defaultConfigurationName = Release;
		};
		36A18E4B22D76427005D05F0 /* Build configuration list for PBXNativeTarget "Todoey" */ = {
			isa = XCConfigurationList;
			buildConfigurations = (
				36A18E4C22D76427005D05F0 /* Debug */,
				36A18E4D22D76427005D05F0 /* Release */,
			);
			defaultConfigurationIsVisible = 0;
			defaultConfigurationName = Release;
		};
/* End XCConfigurationList section */

/* Begin XCVersionGroup section */
		362FF28D22DB604E00E5E34C /* DataModel.xcdatamodeld */ = {
			isa = XCVersionGroup;
			children = (
				362FF28E22DB604E00E5E34C /* Model.xcdatamodel */,
			);
			currentVersion = 362FF28E22DB604E00E5E34C /* Model.xcdatamodel */;
			path = DataModel.xcdatamodeld;
			sourceTree = "<group>";
			versionGroupType = wrapper.xcdatamodel;
		};
/* End XCVersionGroup section */
	};
	rootObject = 36A18E3122D76427005D05F0 /* Project object */;
}
